// !$*UTF8*$!
{
	archiveVersion = 1;
	classes = {
	};
	objectVersion = 46;
	objects = {

/* Begin PBXBuildFile section */
		410C832B1B16550000CFF916 /* Images.xcassets in Resources */ = {isa = PBXBuildFile; fileRef = 410C832A1B16550000CFF916 /* Images.xcassets */; };
		410C832E1B16550000CFF916 /* LaunchScreen.xib in Resources */ = {isa = PBXBuildFile; fileRef = 410C832C1B16550000CFF916 /* LaunchScreen.xib */; };
		410C833A1B16550100CFF916 /* DTUSensorsTests.swift in Sources */ = {isa = PBXBuildFile; fileRef = 410C83391B16550100CFF916 /* DTUSensorsTests.swift */; };
		410C834E1B16553100CFF916 /* AppDelegate.swift in Sources */ = {isa = PBXBuildFile; fileRef = 410C83431B16553100CFF916 /* AppDelegate.swift */; };
		410C834F1B16553100CFF916 /* CentralManagerViewController.swift in Sources */ = {isa = PBXBuildFile; fileRef = 410C83441B16553100CFF916 /* CentralManagerViewController.swift */; };
		410C83501B16553100CFF916 /* PeripheralViewController.swift in Sources */ = {isa = PBXBuildFile; fileRef = 410C83451B16553100CFF916 /* PeripheralViewController.swift */; };
		410C83511B16553100CFF916 /* ACDetailViewController.swift in Sources */ = {isa = PBXBuildFile; fileRef = 410C83461B16553100CFF916 /* ACDetailViewController.swift */; };
		410C83521B16553100CFF916 /* GPSDetailViewController.swift in Sources */ = {isa = PBXBuildFile; fileRef = 410C83471B16553100CFF916 /* GPSDetailViewController.swift */; };
		410C83531B16553100CFF916 /* GCPDetailViewController.swift in Sources */ = {isa = PBXBuildFile; fileRef = 410C83481B16553100CFF916 /* GCPDetailViewController.swift */; };
		410C83541B16553100CFF916 /* TransmisionViewController.swift in Sources */ = {isa = PBXBuildFile; fileRef = 410C83491B16553100CFF916 /* TransmisionViewController.swift */; };
		410C83551B16553100CFF916 /* TransmissionParametersController.swift in Sources */ = {isa = PBXBuildFile; fileRef = 410C834A1B16553100CFF916 /* TransmissionParametersController.swift */; };
		410C83561B16553100CFF916 /* CustomObjects.swift in Sources */ = {isa = PBXBuildFile; fileRef = 410C834B1B16553100CFF916 /* CustomObjects.swift */; };
		410C83571B16553100CFF916 /* CMMotionManagerController.swift in Sources */ = {isa = PBXBuildFile; fileRef = 410C834C1B16553100CFF916 /* CMMotionManagerController.swift */; };
		410C83581B16553100CFF916 /* Main.storyboard in Resources */ = {isa = PBXBuildFile; fileRef = 410C834D1B16553100CFF916 /* Main.storyboard */; };
		4114E7C11B1E0CEB00416FDA /* LICENSE in Resources */ = {isa = PBXBuildFile; fileRef = 4114E7BF1B1E0CEB00416FDA /* LICENSE */; };
		4114E7C21B1E0CEB00416FDA /* README.md in Sources */ = {isa = PBXBuildFile; fileRef = 4114E7C01B1E0CEB00416FDA /* README.md */; };
/* End PBXBuildFile section */

/* Begin PBXContainerItemProxy section */
		410C83341B16550100CFF916 /* PBXContainerItemProxy */ = {
			isa = PBXContainerItemProxy;
			containerPortal = 410C83161B16550000CFF916 /* Project object */;
			proxyType = 1;
			remoteGlobalIDString = 410C831D1B16550000CFF916;
			remoteInfo = DTUSensors;
		};
/* End PBXContainerItemProxy section */

/* Begin PBXFileReference section */
		410C831E1B16550000CFF916 /* DTUSensors.app */ = {isa = PBXFileReference; explicitFileType = wrapper.application; includeInIndex = 0; path = DTUSensors.app; sourceTree = BUILT_PRODUCTS_DIR; };
		410C83221B16550000CFF916 /* Info.plist */ = {isa = PBXFileReference; lastKnownFileType = text.plist.xml; path = Info.plist; sourceTree = "<group>"; };
		410C832A1B16550000CFF916 /* Images.xcassets */ = {isa = PBXFileReference; lastKnownFileType = folder.assetcatalog; path = Images.xcassets; sourceTree = "<group>"; };
		410C832D1B16550000CFF916 /* Base */ = {isa = PBXFileReference; lastKnownFileType = file.xib; name = Base; path = Base.lproj/LaunchScreen.xib; sourceTree = "<group>"; };
		410C83331B16550100CFF916 /* DTUSensorsTests.xctest */ = {isa = PBXFileReference; explicitFileType = wrapper.cfbundle; includeInIndex = 0; path = DTUSensorsTests.xctest; sourceTree = BUILT_PRODUCTS_DIR; };
		410C83381B16550100CFF916 /* Info.plist */ = {isa = PBXFileReference; lastKnownFileType = text.plist.xml; path = Info.plist; sourceTree = "<group>"; };
		410C83391B16550100CFF916 /* DTUSensorsTests.swift */ = {isa = PBXFileReference; lastKnownFileType = sourcecode.swift; path = DTUSensorsTests.swift; sourceTree = "<group>"; };
		410C83431B16553100CFF916 /* AppDelegate.swift */ = {isa = PBXFileReference; fileEncoding = 4; lastKnownFileType = sourcecode.swift; path = AppDelegate.swift; sourceTree = "<group>"; };
		410C83441B16553100CFF916 /* CentralManagerViewController.swift */ = {isa = PBXFileReference; fileEncoding = 4; lastKnownFileType = sourcecode.swift; path = CentralManagerViewController.swift; sourceTree = "<group>"; };
		410C83451B16553100CFF916 /* PeripheralViewController.swift */ = {isa = PBXFileReference; fileEncoding = 4; lastKnownFileType = sourcecode.swift; path = PeripheralViewController.swift; sourceTree = "<group>"; };
		410C83461B16553100CFF916 /* ACDetailViewController.swift */ = {isa = PBXFileReference; fileEncoding = 4; lastKnownFileType = sourcecode.swift; path = ACDetailViewController.swift; sourceTree = "<group>"; };
		410C83471B16553100CFF916 /* GPSDetailViewController.swift */ = {isa = PBXFileReference; fileEncoding = 4; lastKnownFileType = sourcecode.swift; path = GPSDetailViewController.swift; sourceTree = "<group>"; };
		410C83481B16553100CFF916 /* GCPDetailViewController.swift */ = {isa = PBXFileReference; fileEncoding = 4; lastKnownFileType = sourcecode.swift; path = GCPDetailViewController.swift; sourceTree = "<group>"; };
		410C83491B16553100CFF916 /* TransmisionViewController.swift */ = {isa = PBXFileReference; fileEncoding = 4; lastKnownFileType = sourcecode.swift; path = TransmisionViewController.swift; sourceTree = "<group>"; };
		410C834A1B16553100CFF916 /* TransmissionParametersController.swift */ = {isa = PBXFileReference; fileEncoding = 4; lastKnownFileType = sourcecode.swift; path = TransmissionParametersController.swift; sourceTree = "<group>"; };
		410C834B1B16553100CFF916 /* CustomObjects.swift */ = {isa = PBXFileReference; fileEncoding = 4; lastKnownFileType = sourcecode.swift; path = CustomObjects.swift; sourceTree = "<group>"; };
		410C834C1B16553100CFF916 /* CMMotionManagerController.swift */ = {isa = PBXFileReference; fileEncoding = 4; lastKnownFileType = sourcecode.swift; path = CMMotionManagerController.swift; sourceTree = "<group>"; };
		410C834D1B16553100CFF916 /* Main.storyboard */ = {isa = PBXFileReference; fileEncoding = 4; lastKnownFileType = file.storyboard; path = Main.storyboard; sourceTree = "<group>"; };
		4114E7BF1B1E0CEB00416FDA /* LICENSE */ = {isa = PBXFileReference; fileEncoding = 4; lastKnownFileType = text; path = LICENSE; sourceTree = "<group>"; };
		4114E7C01B1E0CEB00416FDA /* README.md */ = {isa = PBXFileReference; fileEncoding = 4; lastKnownFileType = net.daringfireball.markdown; path = README.md; sourceTree = "<group>"; };
/* End PBXFileReference section */

/* Begin PBXFrameworksBuildPhase section */
		410C831B1B16550000CFF916 /* Frameworks */ = {
			isa = PBXFrameworksBuildPhase;
			buildActionMask = 2147483647;
			files = (
			);
			runOnlyForDeploymentPostprocessing = 0;
		};
		410C83301B16550100CFF916 /* Frameworks */ = {
			isa = PBXFrameworksBuildPhase;
			buildActionMask = 2147483647;
			files = (
			);
			runOnlyForDeploymentPostprocessing = 0;
		};
/* End PBXFrameworksBuildPhase section */

/* Begin PBXGroup section */
		410C83151B16550000CFF916 = {
			isa = PBXGroup;
			children = (
				4114E7BF1B1E0CEB00416FDA /* LICENSE */,
				4114E7C01B1E0CEB00416FDA /* README.md */,
				410C83201B16550000CFF916 /* DTUSensors */,
				410C83361B16550100CFF916 /* DTUSensorsTests */,
				410C831F1B16550000CFF916 /* Products */,
			);
			sourceTree = "<group>";
		};
		410C831F1B16550000CFF916 /* Products */ = {
			isa = PBXGroup;
			children = (
				410C831E1B16550000CFF916 /* DTUSensors.app */,
				410C83331B16550100CFF916 /* DTUSensorsTests.xctest */,
			);
			name = Products;
			sourceTree = "<group>";
		};
		410C83201B16550000CFF916 /* DTUSensors */ = {
			isa = PBXGroup;
			children = (
				410C83431B16553100CFF916 /* AppDelegate.swift */,
				410C83441B16553100CFF916 /* CentralManagerViewController.swift */,
				410C83451B16553100CFF916 /* PeripheralViewController.swift */,
				410C83461B16553100CFF916 /* ACDetailViewController.swift */,
				410C83471B16553100CFF916 /* GPSDetailViewController.swift */,
				410C83481B16553100CFF916 /* GCPDetailViewController.swift */,
				410C83491B16553100CFF916 /* TransmisionViewController.swift */,
				410C834A1B16553100CFF916 /* TransmissionParametersController.swift */,
				410C834B1B16553100CFF916 /* CustomObjects.swift */,
				410C834C1B16553100CFF916 /* CMMotionManagerController.swift */,
				410C834D1B16553100CFF916 /* Main.storyboard */,
				410C832A1B16550000CFF916 /* Images.xcassets */,
				410C832C1B16550000CFF916 /* LaunchScreen.xib */,
				410C83211B16550000CFF916 /* Supporting Files */,
			);
			path = DTUSensors;
			sourceTree = "<group>";
		};
		410C83211B16550000CFF916 /* Supporting Files */ = {
			isa = PBXGroup;
			children = (
				410C83221B16550000CFF916 /* Info.plist */,
			);
			name = "Supporting Files";
			sourceTree = "<group>";
		};
		410C83361B16550100CFF916 /* DTUSensorsTests */ = {
			isa = PBXGroup;
			children = (
				410C83391B16550100CFF916 /* DTUSensorsTests.swift */,
				410C83371B16550100CFF916 /* Supporting Files */,
			);
			path = DTUSensorsTests;
			sourceTree = "<group>";
		};
		410C83371B16550100CFF916 /* Supporting Files */ = {
			isa = PBXGroup;
			children = (
				410C83381B16550100CFF916 /* Info.plist */,
			);
			name = "Supporting Files";
			sourceTree = "<group>";
		};
/* End PBXGroup section */

/* Begin PBXNativeTarget section */
		410C831D1B16550000CFF916 /* DTUSensors */ = {
			isa = PBXNativeTarget;
			buildConfigurationList = 410C833D1B16550100CFF916 /* Build configuration list for PBXNativeTarget "DTUSensors" */;
			buildPhases = (
				410C831A1B16550000CFF916 /* Sources */,
				410C831B1B16550000CFF916 /* Frameworks */,
				410C831C1B16550000CFF916 /* Resources */,
			);
			buildRules = (
			);
			dependencies = (
			);
			name = DTUSensors;
			productName = DTUSensors;
			productReference = 410C831E1B16550000CFF916 /* DTUSensors.app */;
			productType = "com.apple.product-type.application";
		};
		410C83321B16550100CFF916 /* DTUSensorsTests */ = {
			isa = PBXNativeTarget;
			buildConfigurationList = 410C83401B16550100CFF916 /* Build configuration list for PBXNativeTarget "DTUSensorsTests" */;
			buildPhases = (
				410C832F1B16550100CFF916 /* Sources */,
				410C83301B16550100CFF916 /* Frameworks */,
				410C83311B16550100CFF916 /* Resources */,
			);
			buildRules = (
			);
			dependencies = (
				410C83351B16550100CFF916 /* PBXTargetDependency */,
			);
			name = DTUSensorsTests;
			productName = DTUSensorsTests;
			productReference = 410C83331B16550100CFF916 /* DTUSensorsTests.xctest */;
			productType = "com.apple.product-type.bundle.unit-test";
		};
/* End PBXNativeTarget section */

/* Begin PBXProject section */
		410C83161B16550000CFF916 /* Project object */ = {
			isa = PBXProject;
			attributes = {
				LastUpgradeCheck = 0630;
				ORGANIZATIONNAME = Andres;
				TargetAttributes = {
					410C831D1B16550000CFF916 = {
						CreatedOnToolsVersion = 6.3.2;
					};
					410C83321B16550100CFF916 = {
						CreatedOnToolsVersion = 6.3.2;
						TestTargetID = 410C831D1B16550000CFF916;
					};
				};
			};
			buildConfigurationList = 410C83191B16550000CFF916 /* Build configuration list for PBXProject "DTUSensors" */;
			compatibilityVersion = "Xcode 3.2";
			developmentRegion = English;
			hasScannedForEncodings = 0;
			knownRegions = (
				en,
				Base,
			);
			mainGroup = 410C83151B16550000CFF916;
			productRefGroup = 410C831F1B16550000CFF916 /* Products */;
			projectDirPath = "";
			projectRoot = "";
			targets = (
				410C831D1B16550000CFF916 /* DTUSensors */,
				410C83321B16550100CFF916 /* DTUSensorsTests */,
			);
		};
/* End PBXProject section */

/* Begin PBXResourcesBuildPhase section */
		410C831C1B16550000CFF916 /* Resources */ = {
			isa = PBXResourcesBuildPhase;
			buildActionMask = 2147483647;
			files = (
				410C83581B16553100CFF916 /* Main.storyboard in Resources */,
				410C832E1B16550000CFF916 /* LaunchScreen.xib in Resources */,
				4114E7C11B1E0CEB00416FDA /* LICENSE in Resources */,
				410C832B1B16550000CFF916 /* Images.xcassets in Resources */,
			);
			runOnlyForDeploymentPostprocessing = 0;
		};
		410C83311B16550100CFF916 /* Resources */ = {
			isa = PBXResourcesBuildPhase;
			buildActionMask = 2147483647;
			files = (
			);
			runOnlyForDeploymentPostprocessing = 0;
		};
/* End PBXResourcesBuildPhase section */

/* Begin PBXSourcesBuildPhase section */
		410C831A1B16550000CFF916 /* Sources */ = {
			isa = PBXSourcesBuildPhase;
			buildActionMask = 2147483647;
			files = (
				410C83531B16553100CFF916 /* GCPDetailViewController.swift in Sources */,
				410C834F1B16553100CFF916 /* CentralManagerViewController.swift in Sources */,
				410C83511B16553100CFF916 /* ACDetailViewController.swift in Sources */,
				410C83551B16553100CFF916 /* TransmissionParametersController.swift in Sources */,
				410C83501B16553100CFF916 /* PeripheralViewController.swift in Sources */,
				410C83561B16553100CFF916 /* CustomObjects.swift in Sources */,
				410C83541B16553100CFF916 /* TransmisionViewController.swift in Sources */,
				410C83521B16553100CFF916 /* GPSDetailViewController.swift in Sources */,
				410C834E1B16553100CFF916 /* AppDelegate.swift in Sources */,
				4114E7C21B1E0CEB00416FDA /* README.md in Sources */,
				410C83571B16553100CFF916 /* CMMotionManagerController.swift in Sources */,
			);
			runOnlyForDeploymentPostprocessing = 0;
		};
		410C832F1B16550100CFF916 /* Sources */ = {
			isa = PBXSourcesBuildPhase;
			buildActionMask = 2147483647;
			files = (
				410C833A1B16550100CFF916 /* DTUSensorsTests.swift in Sources */,
			);
			runOnlyForDeploymentPostprocessing = 0;
		};
/* End PBXSourcesBuildPhase section */

/* Begin PBXTargetDependency section */
		410C83351B16550100CFF916 /* PBXTargetDependency */ = {
			isa = PBXTargetDependency;
			target = 410C831D1B16550000CFF916 /* DTUSensors */;
			targetProxy = 410C83341B16550100CFF916 /* PBXContainerItemProxy */;
		};
/* End PBXTargetDependency section */

/* Begin PBXVariantGroup section */
		410C832C1B16550000CFF916 /* LaunchScreen.xib */ = {
			isa = PBXVariantGroup;
			children = (
				410C832D1B16550000CFF916 /* Base */,
			);
			name = LaunchScreen.xib;
			sourceTree = "<group>";
		};
/* End PBXVariantGroup section */

/* Begin XCBuildConfiguration section */
		410C833B1B16550100CFF916 /* Debug */ = {
			isa = XCBuildConfiguration;
			buildSettings = {
				ALWAYS_SEARCH_USER_PATHS = NO;
				CLANG_CXX_LANGUAGE_STANDARD = "gnu++0x";
				CLANG_CXX_LIBRARY = "libc++";
				CLANG_ENABLE_MODULES = YES;
				CLANG_ENABLE_OBJC_ARC = YES;
				CLANG_WARN_BOOL_CONVERSION = YES;
				CLANG_WARN_CONSTANT_CONVERSION = YES;
				CLANG_WARN_DIRECT_OBJC_ISA_USAGE = YES_ERROR;
				CLANG_WARN_EMPTY_BODY = YES;
				CLANG_WARN_ENUM_CONVERSION = YES;
				CLANG_WARN_INT_CONVERSION = YES;
				CLANG_WARN_OBJC_ROOT_CLASS = YES_ERROR;
				CLANG_WARN_UNREACHABLE_CODE = YES;
				CLANG_WARN__DUPLICATE_METHOD_MATCH = YES;
				"CODE_SIGN_IDENTITY[sdk=iphoneos*]" = "iPhone Developer";
				COPY_PHASE_STRIP = NO;
				DEBUG_INFORMATION_FORMAT = "dwarf-with-dsym";
				ENABLE_STRICT_OBJC_MSGSEND = YES;
				GCC_C_LANGUAGE_STANDARD = gnu99;
				GCC_DYNAMIC_NO_PIC = NO;
				GCC_NO_COMMON_BLOCKS = YES;
				GCC_OPTIMIZATION_LEVEL = 0;
				GCC_PREPROCESSOR_DEFINITIONS = (
					"DEBUG=1",
					"$(inherited)",
				);
				GCC_SYMBOLS_PRIVATE_EXTERN = NO;
				GCC_WARN_64_TO_32_BIT_CONVERSION = YES;
				GCC_WARN_ABOUT_RETURN_TYPE = YES_ERROR;
				GCC_WARN_UNDECLARED_SELECTOR = YES;
				GCC_WARN_UNINITIALIZED_AUTOS = YES_AGGRESSIVE;
				GCC_WARN_UNUSED_FUNCTION = YES;
				GCC_WARN_UNUSED_VARIABLE = YES;
				IPHONEOS_DEPLOYMENT_TARGET = 8.3;
				MTL_ENABLE_DEBUG_INFO = YES;
				ONLY_ACTIVE_ARCH = YES;
				SDKROOT = iphoneos;
				SWIFT_OPTIMIZATION_LEVEL = "-Onone";
				TARGETED_DEVICE_FAMILY = "1,2";
			};
			name = Debug;
		};
		410C833C1B16550100CFF916 /* Release */ = {
			isa = XCBuildConfiguration;
			buildSettings = {
				ALWAYS_SEARCH_USER_PATHS = NO;
				CLANG_CXX_LANGUAGE_STANDARD = "gnu++0x";
				CLANG_CXX_LIBRARY = "libc++";
				CLANG_ENABLE_MODULES = YES;
				CLANG_ENABLE_OBJC_ARC = YES;
				CLANG_WARN_BOOL_CONVERSION = YES;
				CLANG_WARN_CONSTANT_CONVERSION = YES;
				CLANG_WARN_DIRECT_OBJC_ISA_USAGE = YES_ERROR;
				CLANG_WARN_EMPTY_BODY = YES;
				CLANG_WARN_ENUM_CONVERSION = YES;
				CLANG_WARN_INT_CONVERSION = YES;
				CLANG_WARN_OBJC_ROOT_CLASS = YES_ERROR;
				CLANG_WARN_UNREACHABLE_CODE = YES;
				CLANG_WARN__DUPLICATE_METHOD_MATCH = YES;
				"CODE_SIGN_IDENTITY[sdk=iphoneos*]" = "iPhone Developer";
				COPY_PHASE_STRIP = NO;
				DEBUG_INFORMATION_FORMAT = "dwarf-with-dsym";
				ENABLE_NS_ASSERTIONS = NO;
				ENABLE_STRICT_OBJC_MSGSEND = YES;
				GCC_C_LANGUAGE_STANDARD = gnu99;
				GCC_NO_COMMON_BLOCKS = YES;
				GCC_WARN_64_TO_32_BIT_CONVERSION = YES;
				GCC_WARN_ABOUT_RETURN_TYPE = YES_ERROR;
				GCC_WARN_UNDECLARED_SELECTOR = YES;
				GCC_WARN_UNINITIALIZED_AUTOS = YES_AGGRESSIVE;
				GCC_WARN_UNUSED_FUNCTION = YES;
				GCC_WARN_UNUSED_VARIABLE = YES;
				IPHONEOS_DEPLOYMENT_TARGET = 8.3;
				MTL_ENABLE_DEBUG_INFO = NO;
				SDKROOT = iphoneos;
				TARGETED_DEVICE_FAMILY = "1,2";
				VALIDATE_PRODUCT = YES;
			};
			name = Release;
		};
		410C833E1B16550100CFF916 /* Debug */ = {
			isa = XCBuildConfiguration;
			buildSettings = {
				ASSETCATALOG_COMPILER_APPICON_NAME = AppIcon;
				CLANG_ENABLE_MODULES = YES;
				INFOPLIST_FILE = DTUSensors/Info.plist;
				IPHONEOS_DEPLOYMENT_TARGET = 8.1;
				LD_RUNPATH_SEARCH_PATHS = "$(inherited) @executable_path/Frameworks";
				PRODUCT_NAME = "$(TARGET_NAME)";
				SWIFT_OPTIMIZATION_LEVEL = "-Onone";
			};
			name = Debug;
		};
		410C833F1B16550100CFF916 /* Release */ = {
			isa = XCBuildConfiguration;
			buildSettings = {
				ASSETCATALOG_COMPILER_APPICON_NAME = AppIcon;
				CLANG_ENABLE_MODULES = YES;
				INFOPLIST_FILE = DTUSensors/Info.plist;
				IPHONEOS_DEPLOYMENT_TARGET = 8.1;
				LD_RUNPATH_SEARCH_PATHS = "$(inherited) @executable_path/Frameworks";
				PRODUCT_NAME = "$(TARGET_NAME)";
			};
			name = Release;
		};
		410C83411B16550100CFF916 /* Debug */ = {
			isa = XCBuildConfiguration;
			buildSettings = {
				BUNDLE_LOADER = "$(TEST_HOST)";
				FRAMEWORK_SEARCH_PATHS = (
					"$(SDKROOT)/Developer/Library/Frameworks",
					"$(inherited)",
				);
				GCC_PREPROCESSOR_DEFINITIONS = (
					"DEBUG=1",
					"$(inherited)",
				);
				INFOPLIST_FILE = DTUSensorsTests/Info.plist;
				LD_RUNPATH_SEARCH_PATHS = "$(inherited) @executable_path/Frameworks @loader_path/Frameworks";
				PRODUCT_NAME = "$(TARGET_NAME)";
				TEST_HOST = "$(BUILT_PRODUCTS_DIR)/DTUSensors.app/DTUSensors";
			};
			name = Debug;
		};
		410C83421B16550100CFF916 /* Release */ = {
			isa = XCBuildConfiguration;
			buildSettings = {
				BUNDLE_LOADER = "$(TEST_HOST)";
				FRAMEWORK_SEARCH_PATHS = (
					"$(SDKROOT)/Developer/Library/Frameworks",
					"$(inherited)",
				);
				INFOPLIST_FILE = DTUSensorsTests/Info.plist;
				LD_RUNPATH_SEARCH_PATHS = "$(inherited) @executable_path/Frameworks @loader_path/Frameworks";
				PRODUCT_NAME = "$(TARGET_NAME)";
				TEST_HOST = "$(BUILT_PRODUCTS_DIR)/DTUSensors.app/DTUSensors";
			};
			name = Release;
		};
/* End XCBuildConfiguration section */

/* Begin XCConfigurationList section */
		410C83191B16550000CFF916 /* Build configuration list for PBXProject "DTUSensors" */ = {
			isa = XCConfigurationList;
			buildConfigurations = (
				410C833B1B16550100CFF916 /* Debug */,
				410C833C1B16550100CFF916 /* Release */,
			);
			defaultConfigurationIsVisible = 0;
			defaultConfigurationName = Release;
		};
		410C833D1B16550100CFF916 /* Build configuration list for PBXNativeTarget "DTUSensors" */ = {
			isa = XCConfigurationList;
			buildConfigurations = (
				410C833E1B16550100CFF916 /* Debug */,
				410C833F1B16550100CFF916 /* Release */,
			);
			defaultConfigurationIsVisible = 0;
			defaultConfigurationName = Release;
		};
		410C83401B16550100CFF916 /* Build configuration list for PBXNativeTarget "DTUSensorsTests" */ = {
			isa = XCConfigurationList;
			buildConfigurations = (
				410C83411B16550100CFF916 /* Debug */,
				410C83421B16550100CFF916 /* Release */,
			);
			defaultConfigurationIsVisible = 0;
			defaultConfigurationName = Release;
		};
/* End XCConfigurationList section */
	};
	rootObject = 410C83161B16550000CFF916 /* Project object */;
}
